
Microsoft Visual Studio Solution File, Format Version 12.00
# Visual Studio Version 17
VisualStudioVersion = 17.6.33829.357
MinimumVisualStudioVersion = 10.0.40219.1
Project("{8BC9CEB8-8B4A-11D0-8D11-00A0C91BC942}") = "001_bmiC", "001_bmiC\001_bmiC.vcxproj", "{3561F65D-D124-4833-9814-A4A82025FDC7}"
EndProject
Project("{8BC9CEB8-8B4A-11D0-8D11-00A0C91BC942}") = "002_bmiCPP", "002_bmiCPP\002_bmiCPP.vcxproj", "{8E1998D4-8D6C-4E8E-ACD8-268BD2404879}"
EndProject
Project("{9A19103F-16F7-4668-BE54-9A1E7A4F7556}") = "003_bmiCS", "003_bmiCS\003_bmiCS.csproj", "{FD2FC321-2D3D-4A99-9FE2-3C5BB56743FD}"
EndProject
Project("{FAE04EC0-301F-11D3-BF4B-00C04F79EFBC}") = "004_bmiForm", "004_bmiForm\004_bmiForm.csproj", "{3ECF89C0-5BA1-4C22-A8A1-460FEF4E1EFC}"
EndProject
Project("{9A19103F-16F7-4668-BE54-9A1E7A4F7556}") = "005_format", "005_format\005_format.csproj", "{E5EBE719-ECDD-46E4-9578-99921698AB8A}"
EndProject
Project("{FAE04EC0-301F-11D3-BF4B-00C04F79EFBC}") = "006_Login", "006_Login\006_Login.csproj", "{1EFFF2C1-955C-4523-A9B7-FEF0F0D08A2B}"
EndProject
Project("{FAE04EC0-301F-11D3-BF4B-00C04F79EFBC}") = "007_basicControls", "007_basicControls\007_basicControls.csproj", "{B369994D-3C0D-4182-9236-ED907574ED66}"
EndProject
Project("{FAE04EC0-301F-11D3-BF4B-00C04F79EFBC}") = "008_MessageBox", "008_MessageBox\008_MessageBox.csproj", "{FE2159DC-9D88-4659-9660-D01541BB94F8}"
EndProject
Project("{FAE04EC0-301F-11D3-BF4B-00C04F79EFBC}") = "009_Label", "009_Label\009_Label.csproj", "{07B92CBC-8E71-43C0-8736-B7F838A44906}"
EndProject
Project("{FAE04EC0-301F-11D3-BF4B-00C04F79EFBC}") = "010_checkBox", "010_checkBox\010_checkBox.csproj", "{41531871-473D-440F-80E6-9CAAF053F307}"
EndProject
Project("{FAE04EC0-301F-11D3-BF4B-00C04F79EFBC}") = "011_intArray", "011_intArray\011_intArray.csproj", "{5A628E6F-3CB2-47C2-99C5-7EF009F9841B}"
EndProject
Project("{FAE04EC0-301F-11D3-BF4B-00C04F79EFBC}") = "012_RadioButton", "012_RadioButton\012_RadioButton.csproj", "{5682765F-4756-44AF-9622-A3919D76D897}"
EndProject
Project("{FAE04EC0-301F-11D3-BF4B-00C04F79EFBC}") = "013_scoreCalc", "013_scoreCalc\013_scoreCalc.csproj", "{9A7E1963-D54D-4118-AF13-FD4F2FCFE465}"
EndProject
Project("{FAE04EC0-301F-11D3-BF4B-00C04F79EFBC}") = "014_gradeCalc", "014_gradeCalc\014_gradeCalc.csproj", "{8A98626E-6C66-43C8-A45D-F023BA0E98D5}"
EndProject
Project("{FAE04EC0-301F-11D3-BF4B-00C04F79EFBC}") = "015_susi", "015_susi\015_susi.csproj", "{0C8E8EE8-96A9-44A2-AA10-806456C79BEF}"
EndProject
Project("{9A19103F-16F7-4668-BE54-9A1E7A4F7556}") = "016_loop", "016_loop\016_loop.csproj", "{528EC350-2139-49FB-805A-C6C1773724E0}"
EndProject
Project("{9A19103F-16F7-4668-BE54-9A1E7A4F7556}") = "017_array", "017_array\017_array.csproj", "{F077A2D1-9CE6-4FE7-B55D-B2902F519465}"
EndProject
Project("{FAE04EC0-301F-11D3-BF4B-00C04F79EFBC}") = "018_chart1", "018_chart1\018_chart1.csproj", "{3EED2A94-8372-456D-A656-F3DB58D8B9CF}"
EndProject
Project("{FAE04EC0-301F-11D3-BF4B-00C04F79EFBC}") = "019_twoCharts", "019_twoCharts\019_twoCharts.csproj", "{E4E11639-4B68-426A-8275-2FF13A089438}"
EndProject
Project("{FAE04EC0-301F-11D3-BF4B-00C04F79EFBC}") = "020_mathGraph", "020_mathGraph\020_mathGraph.csproj", "{1D91A88D-DF04-461A-A010-BFBFBAE83A81}"
EndProject
Project("{FAE04EC0-301F-11D3-BF4B-00C04F79EFBC}") = "021_dClock", "021_dClock\021_dClock.csproj", "{DD5F5AA6-DF02-482E-93E3-2B5962875BB6}"
EndProject
Project("{FAE04EC0-301F-11D3-BF4B-00C04F79EFBC}") = "022_daClock", "022_daClock\022_daClock.csproj", "{4A05FCEC-EAC7-45A0-A69C-363A9DF49639}"
EndProject
Project("{FAE04EC0-301F-11D3-BF4B-00C04F79EFBC}") = "023_firebase", "023_firebase\023_firebase.csproj", "{41B50F8E-407B-48D6-ACA9-28D023943B4F}"
EndProject
Project("{FAE04EC0-301F-11D3-BF4B-00C04F79EFBC}") = "024_twoForms", "024_twoForms\024_twoForms.csproj", "{3424E571-9F71-45BC-89E2-D331A080ECA9}"
EndProject
Global
	GlobalSection(SolutionConfigurationPlatforms) = preSolution
		Debug|Any CPU = Debug|Any CPU
		Debug|x64 = Debug|x64
		Debug|x86 = Debug|x86
		Release|Any CPU = Release|Any CPU
		Release|x64 = Release|x64
		Release|x86 = Release|x86
	EndGlobalSection
	GlobalSection(ProjectConfigurationPlatforms) = postSolution
		{3561F65D-D124-4833-9814-A4A82025FDC7}.Debug|Any CPU.ActiveCfg = Debug|x64
		{3561F65D-D124-4833-9814-A4A82025FDC7}.Debug|Any CPU.Build.0 = Debug|x64
		{3561F65D-D124-4833-9814-A4A82025FDC7}.Debug|x64.ActiveCfg = Debug|x64
		{3561F65D-D124-4833-9814-A4A82025FDC7}.Debug|x64.Build.0 = Debug|x64
		{3561F65D-D124-4833-9814-A4A82025FDC7}.Debug|x86.ActiveCfg = Debug|Win32
		{3561F65D-D124-4833-9814-A4A82025FDC7}.Debug|x86.Build.0 = Debug|Win32
		{3561F65D-D124-4833-9814-A4A82025FDC7}.Release|Any CPU.ActiveCfg = Release|x64
		{3561F65D-D124-4833-9814-A4A82025FDC7}.Release|Any CPU.Build.0 = Release|x64
		{3561F65D-D124-4833-9814-A4A82025FDC7}.Release|x64.ActiveCfg = Release|x64
		{3561F65D-D124-4833-9814-A4A82025FDC7}.Release|x64.Build.0 = Release|x64
		{3561F65D-D124-4833-9814-A4A82025FDC7}.Release|x86.ActiveCfg = Release|Win32
		{3561F65D-D124-4833-9814-A4A82025FDC7}.Release|x86.Build.0 = Release|Win32
		{8E1998D4-8D6C-4E8E-ACD8-268BD2404879}.Debug|Any CPU.ActiveCfg = Debug|x64
		{8E1998D4-8D6C-4E8E-ACD8-268BD2404879}.Debug|Any CPU.Build.0 = Debug|x64
		{8E1998D4-8D6C-4E8E-ACD8-268BD2404879}.Debug|x64.ActiveCfg = Debug|x64
		{8E1998D4-8D6C-4E8E-ACD8-268BD2404879}.Debug|x64.Build.0 = Debug|x64
		{8E1998D4-8D6C-4E8E-ACD8-268BD2404879}.Debug|x86.ActiveCfg = Debug|Win32
		{8E1998D4-8D6C-4E8E-ACD8-268BD2404879}.Debug|x86.Build.0 = Debug|Win32
		{8E1998D4-8D6C-4E8E-ACD8-268BD2404879}.Release|Any CPU.ActiveCfg = Release|x64
		{8E1998D4-8D6C-4E8E-ACD8-268BD2404879}.Release|Any CPU.Build.0 = Release|x64
		{8E1998D4-8D6C-4E8E-ACD8-268BD2404879}.Release|x64.ActiveCfg = Release|x64
		{8E1998D4-8D6C-4E8E-ACD8-268BD2404879}.Release|x64.Build.0 = Release|x64
		{8E1998D4-8D6C-4E8E-ACD8-268BD2404879}.Release|x86.ActiveCfg = Release|Win32
		{8E1998D4-8D6C-4E8E-ACD8-268BD2404879}.Release|x86.Build.0 = Release|Win32
		{FD2FC321-2D3D-4A99-9FE2-3C5BB56743FD}.Debug|Any CPU.ActiveCfg = Debug|Any CPU
		{FD2FC321-2D3D-4A99-9FE2-3C5BB56743FD}.Debug|Any CPU.Build.0 = Debug|Any CPU
		{FD2FC321-2D3D-4A99-9FE2-3C5BB56743FD}.Debug|x64.ActiveCfg = Debug|Any CPU
		{FD2FC321-2D3D-4A99-9FE2-3C5BB56743FD}.Debug|x64.Build.0 = Debug|Any CPU
		{FD2FC321-2D3D-4A99-9FE2-3C5BB56743FD}.Debug|x86.ActiveCfg = Debug|Any CPU
		{FD2FC321-2D3D-4A99-9FE2-3C5BB56743FD}.Debug|x86.Build.0 = Debug|Any CPU
		{FD2FC321-2D3D-4A99-9FE2-3C5BB56743FD}.Release|Any CPU.ActiveCfg = Release|Any CPU
		{FD2FC321-2D3D-4A99-9FE2-3C5BB56743FD}.Release|Any CPU.Build.0 = Release|Any CPU
		{FD2FC321-2D3D-4A99-9FE2-3C5BB56743FD}.Release|x64.ActiveCfg = Release|Any CPU
		{FD2FC321-2D3D-4A99-9FE2-3C5BB56743FD}.Release|x64.Build.0 = Release|Any CPU
		{FD2FC321-2D3D-4A99-9FE2-3C5BB56743FD}.Release|x86.ActiveCfg = Release|Any CPU
		{FD2FC321-2D3D-4A99-9FE2-3C5BB56743FD}.Release|x86.Build.0 = Release|Any CPU
		{3ECF89C0-5BA1-4C22-A8A1-460FEF4E1EFC}.Debug|Any CPU.ActiveCfg = Debug|Any CPU
		{3ECF89C0-5BA1-4C22-A8A1-460FEF4E1EFC}.Debug|Any CPU.Build.0 = Debug|Any CPU
		{3ECF89C0-5BA1-4C22-A8A1-460FEF4E1EFC}.Debug|x64.ActiveCfg = Debug|Any CPU
		{3ECF89C0-5BA1-4C22-A8A1-460FEF4E1EFC}.Debug|x64.Build.0 = Debug|Any CPU
		{3ECF89C0-5BA1-4C22-A8A1-460FEF4E1EFC}.Debug|x86.ActiveCfg = Debug|Any CPU
		{3ECF89C0-5BA1-4C22-A8A1-460FEF4E1EFC}.Debug|x86.Build.0 = Debug|Any CPU
		{3ECF89C0-5BA1-4C22-A8A1-460FEF4E1EFC}.Release|Any CPU.ActiveCfg = Release|Any CPU
		{3ECF89C0-5BA1-4C22-A8A1-460FEF4E1EFC}.Release|Any CPU.Build.0 = Release|Any CPU
		{3ECF89C0-5BA1-4C22-A8A1-460FEF4E1EFC}.Release|x64.ActiveCfg = Release|Any CPU
		{3ECF89C0-5BA1-4C22-A8A1-460FEF4E1EFC}.Release|x64.Build.0 = Release|Any CPU
		{3ECF89C0-5BA1-4C22-A8A1-460FEF4E1EFC}.Release|x86.ActiveCfg = Release|Any CPU
		{3ECF89C0-5BA1-4C22-A8A1-460FEF4E1EFC}.Release|x86.Build.0 = Release|Any CPU
		{E5EBE719-ECDD-46E4-9578-99921698AB8A}.Debug|Any CPU.ActiveCfg = Debug|Any CPU
		{E5EBE719-ECDD-46E4-9578-99921698AB8A}.Debug|Any CPU.Build.0 = Debug|Any CPU
		{E5EBE719-ECDD-46E4-9578-99921698AB8A}.Debug|x64.ActiveCfg = Debug|Any CPU
		{E5EBE719-ECDD-46E4-9578-99921698AB8A}.Debug|x64.Build.0 = Debug|Any CPU
		{E5EBE719-ECDD-46E4-9578-99921698AB8A}.Debug|x86.ActiveCfg = Debug|Any CPU
		{E5EBE719-ECDD-46E4-9578-99921698AB8A}.Debug|x86.Build.0 = Debug|Any CPU
		{E5EBE719-ECDD-46E4-9578-99921698AB8A}.Release|Any CPU.ActiveCfg = Release|Any CPU
		{E5EBE719-ECDD-46E4-9578-99921698AB8A}.Release|Any CPU.Build.0 = Release|Any CPU
		{E5EBE719-ECDD-46E4-9578-99921698AB8A}.Release|x64.ActiveCfg = Release|Any CPU
		{E5EBE719-ECDD-46E4-9578-99921698AB8A}.Release|x64.Build.0 = Release|Any CPU
		{E5EBE719-ECDD-46E4-9578-99921698AB8A}.Release|x86.ActiveCfg = Release|Any CPU
		{E5EBE719-ECDD-46E4-9578-99921698AB8A}.Release|x86.Build.0 = Release|Any CPU
		{1EFFF2C1-955C-4523-A9B7-FEF0F0D08A2B}.Debug|Any CPU.ActiveCfg = Debug|Any CPU
		{1EFFF2C1-955C-4523-A9B7-FEF0F0D08A2B}.Debug|Any CPU.Build.0 = Debug|Any CPU
		{1EFFF2C1-955C-4523-A9B7-FEF0F0D08A2B}.Debug|x64.ActiveCfg = Debug|Any CPU
		{1EFFF2C1-955C-4523-A9B7-FEF0F0D08A2B}.Debug|x64.Build.0 = Debug|Any CPU
		{1EFFF2C1-955C-4523-A9B7-FEF0F0D08A2B}.Debug|x86.ActiveCfg = Debug|Any CPU
		{1EFFF2C1-955C-4523-A9B7-FEF0F0D08A2B}.Debug|x86.Build.0 = Debug|Any CPU
		{1EFFF2C1-955C-4523-A9B7-FEF0F0D08A2B}.Release|Any CPU.ActiveCfg = Release|Any CPU
		{1EFFF2C1-955C-4523-A9B7-FEF0F0D08A2B}.Release|Any CPU.Build.0 = Release|Any CPU
		{1EFFF2C1-955C-4523-A9B7-FEF0F0D08A2B}.Release|x64.ActiveCfg = Release|Any CPU
		{1EFFF2C1-955C-4523-A9B7-FEF0F0D08A2B}.Release|x64.Build.0 = Release|Any CPU
		{1EFFF2C1-955C-4523-A9B7-FEF0F0D08A2B}.Release|x86.ActiveCfg = Release|Any CPU
		{1EFFF2C1-955C-4523-A9B7-FEF0F0D08A2B}.Release|x86.Build.0 = Release|Any CPU
		{B369994D-3C0D-4182-9236-ED907574ED66}.Debug|Any CPU.ActiveCfg = Debug|Any CPU
		{B369994D-3C0D-4182-9236-ED907574ED66}.Debug|Any CPU.Build.0 = Debug|Any CPU
		{B369994D-3C0D-4182-9236-ED907574ED66}.Debug|x64.ActiveCfg = Debug|Any CPU
		{B369994D-3C0D-4182-9236-ED907574ED66}.Debug|x64.Build.0 = Debug|Any CPU
		{B369994D-3C0D-4182-9236-ED907574ED66}.Debug|x86.ActiveCfg = Debug|Any CPU
		{B369994D-3C0D-4182-9236-ED907574ED66}.Debug|x86.Build.0 = Debug|Any CPU
		{B369994D-3C0D-4182-9236-ED907574ED66}.Release|Any CPU.ActiveCfg = Release|Any CPU
		{B369994D-3C0D-4182-9236-ED907574ED66}.Release|Any CPU.Build.0 = Release|Any CPU
		{B369994D-3C0D-4182-9236-ED907574ED66}.Release|x64.ActiveCfg = Release|Any CPU
		{B369994D-3C0D-4182-9236-ED907574ED66}.Release|x64.Build.0 = Release|Any CPU
		{B369994D-3C0D-4182-9236-ED907574ED66}.Release|x86.ActiveCfg = Release|Any CPU
		{B369994D-3C0D-4182-9236-ED907574ED66}.Release|x86.Build.0 = Release|Any CPU
		{FE2159DC-9D88-4659-9660-D01541BB94F8}.Debug|Any CPU.ActiveCfg = Debug|Any CPU
		{FE2159DC-9D88-4659-9660-D01541BB94F8}.Debug|Any CPU.Build.0 = Debug|Any CPU
		{FE2159DC-9D88-4659-9660-D01541BB94F8}.Debug|x64.ActiveCfg = Debug|Any CPU
		{FE2159DC-9D88-4659-9660-D01541BB94F8}.Debug|x64.Build.0 = Debug|Any CPU
		{FE2159DC-9D88-4659-9660-D01541BB94F8}.Debug|x86.ActiveCfg = Debug|Any CPU
		{FE2159DC-9D88-4659-9660-D01541BB94F8}.Debug|x86.Build.0 = Debug|Any CPU
		{FE2159DC-9D88-4659-9660-D01541BB94F8}.Release|Any CPU.ActiveCfg = Release|Any CPU
		{FE2159DC-9D88-4659-9660-D01541BB94F8}.Release|Any CPU.Build.0 = Release|Any CPU
		{FE2159DC-9D88-4659-9660-D01541BB94F8}.Release|x64.ActiveCfg = Release|Any CPU
		{FE2159DC-9D88-4659-9660-D01541BB94F8}.Release|x64.Build.0 = Release|Any CPU
		{FE2159DC-9D88-4659-9660-D01541BB94F8}.Release|x86.ActiveCfg = Release|Any CPU
		{FE2159DC-9D88-4659-9660-D01541BB94F8}.Release|x86.Build.0 = Release|Any CPU
		{07B92CBC-8E71-43C0-8736-B7F838A44906}.Debug|Any CPU.ActiveCfg = Debug|Any CPU
		{07B92CBC-8E71-43C0-8736-B7F838A44906}.Debug|Any CPU.Build.0 = Debug|Any CPU
		{07B92CBC-8E71-43C0-8736-B7F838A44906}.Debug|x64.ActiveCfg = Debug|Any CPU
		{07B92CBC-8E71-43C0-8736-B7F838A44906}.Debug|x64.Build.0 = Debug|Any CPU
		{07B92CBC-8E71-43C0-8736-B7F838A44906}.Debug|x86.ActiveCfg = Debug|Any CPU
		{07B92CBC-8E71-43C0-8736-B7F838A44906}.Debug|x86.Build.0 = Debug|Any CPU
		{07B92CBC-8E71-43C0-8736-B7F838A44906}.Release|Any CPU.ActiveCfg = Release|Any CPU
		{07B92CBC-8E71-43C0-8736-B7F838A44906}.Release|Any CPU.Build.0 = Release|Any CPU
		{07B92CBC-8E71-43C0-8736-B7F838A44906}.Release|x64.ActiveCfg = Release|Any CPU
		{07B92CBC-8E71-43C0-8736-B7F838A44906}.Release|x64.Build.0 = Release|Any CPU
		{07B92CBC-8E71-43C0-8736-B7F838A44906}.Release|x86.ActiveCfg = Release|Any CPU
		{07B92CBC-8E71-43C0-8736-B7F838A44906}.Release|x86.Build.0 = Release|Any CPU
		{41531871-473D-440F-80E6-9CAAF053F307}.Debug|Any CPU.ActiveCfg = Debug|Any CPU
		{41531871-473D-440F-80E6-9CAAF053F307}.Debug|Any CPU.Build.0 = Debug|Any CPU
		{41531871-473D-440F-80E6-9CAAF053F307}.Debug|x64.ActiveCfg = Debug|Any CPU
		{41531871-473D-440F-80E6-9CAAF053F307}.Debug|x64.Build.0 = Debug|Any CPU
		{41531871-473D-440F-80E6-9CAAF053F307}.Debug|x86.ActiveCfg = Debug|Any CPU
		{41531871-473D-440F-80E6-9CAAF053F307}.Debug|x86.Build.0 = Debug|Any CPU
		{41531871-473D-440F-80E6-9CAAF053F307}.Release|Any CPU.ActiveCfg = Release|Any CPU
		{41531871-473D-440F-80E6-9CAAF053F307}.Release|Any CPU.Build.0 = Release|Any CPU
		{41531871-473D-440F-80E6-9CAAF053F307}.Release|x64.ActiveCfg = Release|Any CPU
		{41531871-473D-440F-80E6-9CAAF053F307}.Release|x64.Build.0 = Release|Any CPU
		{41531871-473D-440F-80E6-9CAAF053F307}.Release|x86.ActiveCfg = Release|Any CPU
		{41531871-473D-440F-80E6-9CAAF053F307}.Release|x86.Build.0 = Release|Any CPU
		{5A628E6F-3CB2-47C2-99C5-7EF009F9841B}.Debug|Any CPU.ActiveCfg = Debug|Any CPU
		{5A628E6F-3CB2-47C2-99C5-7EF009F9841B}.Debug|Any CPU.Build.0 = Debug|Any CPU
		{5A628E6F-3CB2-47C2-99C5-7EF009F9841B}.Debug|x64.ActiveCfg = Debug|Any CPU
		{5A628E6F-3CB2-47C2-99C5-7EF009F9841B}.Debug|x64.Build.0 = Debug|Any CPU
		{5A628E6F-3CB2-47C2-99C5-7EF009F9841B}.Debug|x86.ActiveCfg = Debug|Any CPU
		{5A628E6F-3CB2-47C2-99C5-7EF009F9841B}.Debug|x86.Build.0 = Debug|Any CPU
		{5A628E6F-3CB2-47C2-99C5-7EF009F9841B}.Release|Any CPU.ActiveCfg = Release|Any CPU
		{5A628E6F-3CB2-47C2-99C5-7EF009F9841B}.Release|Any CPU.Build.0 = Release|Any CPU
		{5A628E6F-3CB2-47C2-99C5-7EF009F9841B}.Release|x64.ActiveCfg = Release|Any CPU
		{5A628E6F-3CB2-47C2-99C5-7EF009F9841B}.Release|x64.Build.0 = Release|Any CPU
		{5A628E6F-3CB2-47C2-99C5-7EF009F9841B}.Release|x86.ActiveCfg = Release|Any CPU
		{5A628E6F-3CB2-47C2-99C5-7EF009F9841B}.Release|x86.Build.0 = Release|Any CPU
		{5682765F-4756-44AF-9622-A3919D76D897}.Debug|Any CPU.ActiveCfg = Debug|Any CPU
		{5682765F-4756-44AF-9622-A3919D76D897}.Debug|Any CPU.Build.0 = Debug|Any CPU
		{5682765F-4756-44AF-9622-A3919D76D897}.Debug|x64.ActiveCfg = Debug|Any CPU
		{5682765F-4756-44AF-9622-A3919D76D897}.Debug|x64.Build.0 = Debug|Any CPU
		{5682765F-4756-44AF-9622-A3919D76D897}.Debug|x86.ActiveCfg = Debug|Any CPU
		{5682765F-4756-44AF-9622-A3919D76D897}.Debug|x86.Build.0 = Debug|Any CPU
		{5682765F-4756-44AF-9622-A3919D76D897}.Release|Any CPU.ActiveCfg = Release|Any CPU
		{5682765F-4756-44AF-9622-A3919D76D897}.Release|Any CPU.Build.0 = Release|Any CPU
		{5682765F-4756-44AF-9622-A3919D76D897}.Release|x64.ActiveCfg = Release|Any CPU
		{5682765F-4756-44AF-9622-A3919D76D897}.Release|x64.Build.0 = Release|Any CPU
		{5682765F-4756-44AF-9622-A3919D76D897}.Release|x86.ActiveCfg = Release|Any CPU
		{5682765F-4756-44AF-9622-A3919D76D897}.Release|x86.Build.0 = Release|Any CPU
		{9A7E1963-D54D-4118-AF13-FD4F2FCFE465}.Debug|Any CPU.ActiveCfg = Debug|Any CPU
		{9A7E1963-D54D-4118-AF13-FD4F2FCFE465}.Debug|Any CPU.Build.0 = Debug|Any CPU
		{9A7E1963-D54D-4118-AF13-FD4F2FCFE465}.Debug|x64.ActiveCfg = Debug|Any CPU
		{9A7E1963-D54D-4118-AF13-FD4F2FCFE465}.Debug|x64.Build.0 = Debug|Any CPU
		{9A7E1963-D54D-4118-AF13-FD4F2FCFE465}.Debug|x86.ActiveCfg = Debug|Any CPU
		{9A7E1963-D54D-4118-AF13-FD4F2FCFE465}.Debug|x86.Build.0 = Debug|Any CPU
		{9A7E1963-D54D-4118-AF13-FD4F2FCFE465}.Release|Any CPU.ActiveCfg = Release|Any CPU
		{9A7E1963-D54D-4118-AF13-FD4F2FCFE465}.Release|Any CPU.Build.0 = Release|Any CPU
		{9A7E1963-D54D-4118-AF13-FD4F2FCFE465}.Release|x64.ActiveCfg = Release|Any CPU
		{9A7E1963-D54D-4118-AF13-FD4F2FCFE465}.Release|x64.Build.0 = Release|Any CPU
		{9A7E1963-D54D-4118-AF13-FD4F2FCFE465}.Release|x86.ActiveCfg = Release|Any CPU
		{9A7E1963-D54D-4118-AF13-FD4F2FCFE465}.Release|x86.Build.0 = Release|Any CPU
		{8A98626E-6C66-43C8-A45D-F023BA0E98D5}.Debug|Any CPU.ActiveCfg = Debug|Any CPU
		{8A98626E-6C66-43C8-A45D-F023BA0E98D5}.Debug|Any CPU.Build.0 = Debug|Any CPU
		{8A98626E-6C66-43C8-A45D-F023BA0E98D5}.Debug|x64.ActiveCfg = Debug|Any CPU
		{8A98626E-6C66-43C8-A45D-F023BA0E98D5}.Debug|x64.Build.0 = Debug|Any CPU
		{8A98626E-6C66-43C8-A45D-F023BA0E98D5}.Debug|x86.ActiveCfg = Debug|Any CPU
		{8A98626E-6C66-43C8-A45D-F023BA0E98D5}.Debug|x86.Build.0 = Debug|Any CPU
		{8A98626E-6C66-43C8-A45D-F023BA0E98D5}.Release|Any CPU.ActiveCfg = Release|Any CPU
		{8A98626E-6C66-43C8-A45D-F023BA0E98D5}.Release|Any CPU.Build.0 = Release|Any CPU
		{8A98626E-6C66-43C8-A45D-F023BA0E98D5}.Release|x64.ActiveCfg = Release|Any CPU
		{8A98626E-6C66-43C8-A45D-F023BA0E98D5}.Release|x64.Build.0 = Release|Any CPU
		{8A98626E-6C66-43C8-A45D-F023BA0E98D5}.Release|x86.ActiveCfg = Release|Any CPU
		{8A98626E-6C66-43C8-A45D-F023BA0E98D5}.Release|x86.Build.0 = Release|Any CPU
		{0C8E8EE8-96A9-44A2-AA10-806456C79BEF}.Debug|Any CPU.ActiveCfg = Debug|Any CPU
		{0C8E8EE8-96A9-44A2-AA10-806456C79BEF}.Debug|Any CPU.Build.0 = Debug|Any CPU
		{0C8E8EE8-96A9-44A2-AA10-806456C79BEF}.Debug|x64.ActiveCfg = Debug|Any CPU
		{0C8E8EE8-96A9-44A2-AA10-806456C79BEF}.Debug|x64.Build.0 = Debug|Any CPU
		{0C8E8EE8-96A9-44A2-AA10-806456C79BEF}.Debug|x86.ActiveCfg = Debug|Any CPU
		{0C8E8EE8-96A9-44A2-AA10-806456C79BEF}.Debug|x86.Build.0 = Debug|Any CPU
		{0C8E8EE8-96A9-44A2-AA10-806456C79BEF}.Release|Any CPU.ActiveCfg = Release|Any CPU
		{0C8E8EE8-96A9-44A2-AA10-806456C79BEF}.Release|Any CPU.Build.0 = Release|Any CPU
		{0C8E8EE8-96A9-44A2-AA10-806456C79BEF}.Release|x64.ActiveCfg = Release|Any CPU
		{0C8E8EE8-96A9-44A2-AA10-806456C79BEF}.Release|x64.Build.0 = Release|Any CPU
		{0C8E8EE8-96A9-44A2-AA10-806456C79BEF}.Release|x86.ActiveCfg = Release|Any CPU
		{0C8E8EE8-96A9-44A2-AA10-806456C79BEF}.Release|x86.Build.0 = Release|Any CPU
		{528EC350-2139-49FB-805A-C6C1773724E0}.Debug|Any CPU.ActiveCfg = Debug|Any CPU
		{528EC350-2139-49FB-805A-C6C1773724E0}.Debug|Any CPU.Build.0 = Debug|Any CPU
		{528EC350-2139-49FB-805A-C6C1773724E0}.Debug|x64.ActiveCfg = Debug|Any CPU
		{528EC350-2139-49FB-805A-C6C1773724E0}.Debug|x64.Build.0 = Debug|Any CPU
		{528EC350-2139-49FB-805A-C6C1773724E0}.Debug|x86.ActiveCfg = Debug|Any CPU
		{528EC350-2139-49FB-805A-C6C1773724E0}.Debug|x86.Build.0 = Debug|Any CPU
		{528EC350-2139-49FB-805A-C6C1773724E0}.Release|Any CPU.ActiveCfg = Release|Any CPU
		{528EC350-2139-49FB-805A-C6C1773724E0}.Release|Any CPU.Build.0 = Release|Any CPU
		{528EC350-2139-49FB-805A-C6C1773724E0}.Release|x64.ActiveCfg = Release|Any CPU
		{528EC350-2139-49FB-805A-C6C1773724E0}.Release|x64.Build.0 = Release|Any CPU
		{528EC350-2139-49FB-805A-C6C1773724E0}.Release|x86.ActiveCfg = Release|Any CPU
		{528EC350-2139-49FB-805A-C6C1773724E0}.Release|x86.Build.0 = Release|Any CPU
		{F077A2D1-9CE6-4FE7-B55D-B2902F519465}.Debug|Any CPU.ActiveCfg = Debug|Any CPU
		{F077A2D1-9CE6-4FE7-B55D-B2902F519465}.Debug|Any CPU.Build.0 = Debug|Any CPU
		{F077A2D1-9CE6-4FE7-B55D-B2902F519465}.Debug|x64.ActiveCfg = Debug|Any CPU
		{F077A2D1-9CE6-4FE7-B55D-B2902F519465}.Debug|x64.Build.0 = Debug|Any CPU
		{F077A2D1-9CE6-4FE7-B55D-B2902F519465}.Debug|x86.ActiveCfg = Debug|Any CPU
		{F077A2D1-9CE6-4FE7-B55D-B2902F519465}.Debug|x86.Build.0 = Debug|Any CPU
		{F077A2D1-9CE6-4FE7-B55D-B2902F519465}.Release|Any CPU.ActiveCfg = Release|Any CPU
		{F077A2D1-9CE6-4FE7-B55D-B2902F519465}.Release|Any CPU.Build.0 = Release|Any CPU
		{F077A2D1-9CE6-4FE7-B55D-B2902F519465}.Release|x64.ActiveCfg = Release|Any CPU
		{F077A2D1-9CE6-4FE7-B55D-B2902F519465}.Release|x64.Build.0 = Release|Any CPU
		{F077A2D1-9CE6-4FE7-B55D-B2902F519465}.Release|x86.ActiveCfg = Release|Any CPU
		{F077A2D1-9CE6-4FE7-B55D-B2902F519465}.Release|x86.Build.0 = Release|Any CPU
		{3EED2A94-8372-456D-A656-F3DB58D8B9CF}.Debug|Any CPU.ActiveCfg = Debug|Any CPU
		{3EED2A94-8372-456D-A656-F3DB58D8B9CF}.Debug|Any CPU.Build.0 = Debug|Any CPU
		{3EED2A94-8372-456D-A656-F3DB58D8B9CF}.Debug|x64.ActiveCfg = Debug|Any CPU
		{3EED2A94-8372-456D-A656-F3DB58D8B9CF}.Debug|x64.Build.0 = Debug|Any CPU
		{3EED2A94-8372-456D-A656-F3DB58D8B9CF}.Debug|x86.ActiveCfg = Debug|Any CPU
		{3EED2A94-8372-456D-A656-F3DB58D8B9CF}.Debug|x86.Build.0 = Debug|Any CPU
		{3EED2A94-8372-456D-A656-F3DB58D8B9CF}.Release|Any CPU.ActiveCfg = Release|Any CPU
		{3EED2A94-8372-456D-A656-F3DB58D8B9CF}.Release|Any CPU.Build.0 = Release|Any CPU
		{3EED2A94-8372-456D-A656-F3DB58D8B9CF}.Release|x64.ActiveCfg = Release|Any CPU
		{3EED2A94-8372-456D-A656-F3DB58D8B9CF}.Release|x64.Build.0 = Release|Any CPU
		{3EED2A94-8372-456D-A656-F3DB58D8B9CF}.Release|x86.ActiveCfg = Release|Any CPU
		{3EED2A94-8372-456D-A656-F3DB58D8B9CF}.Release|x86.Build.0 = Release|Any CPU
		{E4E11639-4B68-426A-8275-2FF13A089438}.Debug|Any CPU.ActiveCfg = Debug|Any CPU
		{E4E11639-4B68-426A-8275-2FF13A089438}.Debug|Any CPU.Build.0 = Debug|Any CPU
		{E4E11639-4B68-426A-8275-2FF13A089438}.Debug|x64.ActiveCfg = Debug|Any CPU
		{E4E11639-4B68-426A-8275-2FF13A089438}.Debug|x64.Build.0 = Debug|Any CPU
		{E4E11639-4B68-426A-8275-2FF13A089438}.Debug|x86.ActiveCfg = Debug|Any CPU
		{E4E11639-4B68-426A-8275-2FF13A089438}.Debug|x86.Build.0 = Debug|Any CPU
		{E4E11639-4B68-426A-8275-2FF13A089438}.Release|Any CPU.ActiveCfg = Release|Any CPU
		{E4E11639-4B68-426A-8275-2FF13A089438}.Release|Any CPU.Build.0 = Release|Any CPU
		{E4E11639-4B68-426A-8275-2FF13A089438}.Release|x64.ActiveCfg = Release|Any CPU
		{E4E11639-4B68-426A-8275-2FF13A089438}.Release|x64.Build.0 = Release|Any CPU
		{E4E11639-4B68-426A-8275-2FF13A089438}.Release|x86.ActiveCfg = Release|Any CPU
		{E4E11639-4B68-426A-8275-2FF13A089438}.Release|x86.Build.0 = Release|Any CPU
		{1D91A88D-DF04-461A-A010-BFBFBAE83A81}.Debug|Any CPU.ActiveCfg = Debug|Any CPU
		{1D91A88D-DF04-461A-A010-BFBFBAE83A81}.Debug|Any CPU.Build.0 = Debug|Any CPU
		{1D91A88D-DF04-461A-A010-BFBFBAE83A81}.Debug|x64.ActiveCfg = Debug|Any CPU
		{1D91A88D-DF04-461A-A010-BFBFBAE83A81}.Debug|x64.Build.0 = Debug|Any CPU
		{1D91A88D-DF04-461A-A010-BFBFBAE83A81}.Debug|x86.ActiveCfg = Debug|Any CPU
		{1D91A88D-DF04-461A-A010-BFBFBAE83A81}.Debug|x86.Build.0 = Debug|Any CPU
		{1D91A88D-DF04-461A-A010-BFBFBAE83A81}.Release|Any CPU.ActiveCfg = Release|Any CPU
		{1D91A88D-DF04-461A-A010-BFBFBAE83A81}.Release|Any CPU.Build.0 = Release|Any CPU
		{1D91A88D-DF04-461A-A010-BFBFBAE83A81}.Release|x64.ActiveCfg = Release|Any CPU
		{1D91A88D-DF04-461A-A010-BFBFBAE83A81}.Release|x64.Build.0 = Release|Any CPU
		{1D91A88D-DF04-461A-A010-BFBFBAE83A81}.Release|x86.ActiveCfg = Release|Any CPU
		{1D91A88D-DF04-461A-A010-BFBFBAE83A81}.Release|x86.Build.0 = Release|Any CPU
		{DD5F5AA6-DF02-482E-93E3-2B5962875BB6}.Debug|Any CPU.ActiveCfg = Debug|Any CPU
		{DD5F5AA6-DF02-482E-93E3-2B5962875BB6}.Debug|Any CPU.Build.0 = Debug|Any CPU
		{DD5F5AA6-DF02-482E-93E3-2B5962875BB6}.Debug|x64.ActiveCfg = Debug|Any CPU
		{DD5F5AA6-DF02-482E-93E3-2B5962875BB6}.Debug|x64.Build.0 = Debug|Any CPU
		{DD5F5AA6-DF02-482E-93E3-2B5962875BB6}.Debug|x86.ActiveCfg = Debug|Any CPU
		{DD5F5AA6-DF02-482E-93E3-2B5962875BB6}.Debug|x86.Build.0 = Debug|Any CPU
		{DD5F5AA6-DF02-482E-93E3-2B5962875BB6}.Release|Any CPU.ActiveCfg = Release|Any CPU
		{DD5F5AA6-DF02-482E-93E3-2B5962875BB6}.Release|Any CPU.Build.0 = Release|Any CPU
		{DD5F5AA6-DF02-482E-93E3-2B5962875BB6}.Release|x64.ActiveCfg = Release|Any CPU
		{DD5F5AA6-DF02-482E-93E3-2B5962875BB6}.Release|x64.Build.0 = Release|Any CPU
		{DD5F5AA6-DF02-482E-93E3-2B5962875BB6}.Release|x86.ActiveCfg = Release|Any CPU
		{DD5F5AA6-DF02-482E-93E3-2B5962875BB6}.Release|x86.Build.0 = Release|Any CPU
		{4A05FCEC-EAC7-45A0-A69C-363A9DF49639}.Debug|Any CPU.ActiveCfg = Debug|Any CPU
		{4A05FCEC-EAC7-45A0-A69C-363A9DF49639}.Debug|Any CPU.Build.0 = Debug|Any CPU
		{4A05FCEC-EAC7-45A0-A69C-363A9DF49639}.Debug|x64.ActiveCfg = Debug|Any CPU
		{4A05FCEC-EAC7-45A0-A69C-363A9DF49639}.Debug|x64.Build.0 = Debug|Any CPU
		{4A05FCEC-EAC7-45A0-A69C-363A9DF49639}.Debug|x86.ActiveCfg = Debug|Any CPU
		{4A05FCEC-EAC7-45A0-A69C-363A9DF49639}.Debug|x86.Build.0 = Debug|Any CPU
		{4A05FCEC-EAC7-45A0-A69C-363A9DF49639}.Release|Any CPU.ActiveCfg = Release|Any CPU
		{4A05FCEC-EAC7-45A0-A69C-363A9DF49639}.Release|Any CPU.Build.0 = Release|Any CPU
		{4A05FCEC-EAC7-45A0-A69C-363A9DF49639}.Release|x64.ActiveCfg = Release|Any CPU
		{4A05FCEC-EAC7-45A0-A69C-363A9DF49639}.Release|x64.Build.0 = Release|Any CPU
		{4A05FCEC-EAC7-45A0-A69C-363A9DF49639}.Release|x86.ActiveCfg = Release|Any CPU
		{4A05FCEC-EAC7-45A0-A69C-363A9DF49639}.Release|x86.Build.0 = Release|Any CPU
		{41B50F8E-407B-48D6-ACA9-28D023943B4F}.Debug|Any CPU.ActiveCfg = Debug|Any CPU
		{41B50F8E-407B-48D6-ACA9-28D023943B4F}.Debug|Any CPU.Build.0 = Debug|Any CPU
		{41B50F8E-407B-48D6-ACA9-28D023943B4F}.Debug|x64.ActiveCfg = Debug|Any CPU
		{41B50F8E-407B-48D6-ACA9-28D023943B4F}.Debug|x64.Build.0 = Debug|Any CPU
		{41B50F8E-407B-48D6-ACA9-28D023943B4F}.Debug|x86.ActiveCfg = Debug|Any CPU
		{41B50F8E-407B-48D6-ACA9-28D023943B4F}.Debug|x86.Build.0 = Debug|Any CPU
		{41B50F8E-407B-48D6-ACA9-28D023943B4F}.Release|Any CPU.ActiveCfg = Release|Any CPU
		{41B50F8E-407B-48D6-ACA9-28D023943B4F}.Release|Any CPU.Build.0 = Release|Any CPU
		{41B50F8E-407B-48D6-ACA9-28D023943B4F}.Release|x64.ActiveCfg = Release|Any CPU
		{41B50F8E-407B-48D6-ACA9-28D023943B4F}.Release|x64.Build.0 = Release|Any CPU
		{41B50F8E-407B-48D6-ACA9-28D023943B4F}.Release|x86.ActiveCfg = Release|Any CPU
		{41B50F8E-407B-48D6-ACA9-28D023943B4F}.Release|x86.Build.0 = Release|Any CPU
		{3424E571-9F71-45BC-89E2-D331A080ECA9}.Debug|Any CPU.ActiveCfg = Debug|Any CPU
		{3424E571-9F71-45BC-89E2-D331A080ECA9}.Debug|Any CPU.Build.0 = Debug|Any CPU
		{3424E571-9F71-45BC-89E2-D331A080ECA9}.Debug|x64.ActiveCfg = Debug|Any CPU
		{3424E571-9F71-45BC-89E2-D331A080ECA9}.Debug|x64.Build.0 = Debug|Any CPU
		{3424E571-9F71-45BC-89E2-D331A080ECA9}.Debug|x86.ActiveCfg = Debug|Any CPU
		{3424E571-9F71-45BC-89E2-D331A080ECA9}.Debug|x86.Build.0 = Debug|Any CPU
		{3424E571-9F71-45BC-89E2-D331A080ECA9}.Release|Any CPU.ActiveCfg = Release|Any CPU
		{3424E571-9F71-45BC-89E2-D331A080ECA9}.Release|Any CPU.Build.0 = Release|Any CPU
		{3424E571-9F71-45BC-89E2-D331A080ECA9}.Release|x64.ActiveCfg = Release|Any CPU
		{3424E571-9F71-45BC-89E2-D331A080ECA9}.Release|x64.Build.0 = Release|Any CPU
		{3424E571-9F71-45BC-89E2-D331A080ECA9}.Release|x86.ActiveCfg = Release|Any CPU
		{3424E571-9F71-45BC-89E2-D331A080ECA9}.Release|x86.Build.0 = Release|Any CPU
	EndGlobalSection
	GlobalSection(SolutionProperties) = preSolution
		HideSolutionNode = FALSE
	EndGlobalSection
	GlobalSection(ExtensibilityGlobals) = postSolution
		SolutionGuid = {53954FCA-C610-4FAB-BD27-3D58DABFA976}
	EndGlobalSection
EndGlobal
